{
  "name": "wx-vuepress-blog",
  "version": "1.0.0",
  "lockfileVersion": 1,
  "requires": true,
  "dependencies": {
    "@vuepress/plugin-active-header-links": {
      "version": "1.0.0-alpha.44",
      "resolved": "https://registry.npmjs.org/@vuepress/plugin-active-header-links/-/plugin-active-header-links-1.0.0-alpha.44.tgz",
      "integrity": "sha512-Dzl7EerzMhCeujxQWAiPFpAHBVrhGP3xadrk8OA4sTlwWpCObiSPj1rKDM3iVvP2HMC14klBfAuhMFPpxZN2/g==",
      "dev": true,
      "requires": {
        "lodash.throttle": "4.1.1"
      }
    },
    "@vuepress/plugin-back-to-top": {
      "version": "1.0.0-rc.1",
      "resolved": "https://registry.npmjs.org/@vuepress/plugin-back-to-top/-/plugin-back-to-top-1.0.0-rc.1.tgz",
      "integrity": "sha512-6XQfuNDLbfjOyxrVcgD09shPiFjc/YTkhAUMRrnkEfq1Uacaw9idr9BlCt+92Co3auIB15x7hsgyPr0es+PPNQ==",
      "dev": true,
      "requires": {
        "lodash.debounce": "4.0.8"
      }
    },
    "@vuepress/plugin-google-analytics": {
      "version": "1.0.0-alpha.44",
      "resolved": "https://registry.npmjs.org/@vuepress/plugin-google-analytics/-/plugin-google-analytics-1.0.0-alpha.44.tgz",
      "integrity": "sha512-oBFXHlO5I3M0jGg/Ob8WsVY1g+4Xcm6AT70m89/RB3GjHhPHMDF0bRCyoLOzLzVnWUEqOH/0HbDDK0MnGFGB8w==",
      "dev": true
    },
    "lodash.debounce": {
      "version": "4.0.8",
      "resolved": "https://registry.npmjs.org/lodash.debounce/-/lodash.debounce-4.0.8.tgz",
      "integrity": "sha1-gteb/zCmfEAF/9XiUVMArZyk168=",
      "dev": true
    },
    "lodash.throttle": {
      "version": "4.1.1",
      "resolved": "https://registry.npmjs.org/lodash.throttle/-/lodash.throttle-4.1.1.tgz",
      "integrity": "sha1-wj6RtxAkKscMN/HhzaknTMOb8vQ=",
      "dev": true
    },
    "vuepress-plugin-table-of-contents": {
      "version": "1.1.5",
      "resolved": "https://registry.npmjs.org/vuepress-plugin-table-of-contents/-/vuepress-plugin-table-of-contents-1.1.5.tgz",
      "integrity": "sha512-OiUqmMq/+oB3Q9IJ3y+mzurSBmQZ6VvW5j9EiIDeo2FBo4/OJ2zhPeCw0gpUcln07qJOKBPLVYzfSt3J30g9dg=="
    }
  }
}
