{
  "name": "wx-vuepress-blog",
  "version": "1.0.0",
  "lockfileVersion": 1,
  "requires": true,
  "dependencies": {
    "@vuepress/plugin-google-analytics": {
      "version": "1.0.0-alpha.44",
      "resolved": "https://registry.npmjs.org/@vuepress/plugin-google-analytics/-/plugin-google-analytics-1.0.0-alpha.44.tgz",
      "integrity": "sha512-oBFXHlO5I3M0jGg/Ob8WsVY1g+4Xcm6AT70m89/RB3GjHhPHMDF0bRCyoLOzLzVnWUEqOH/0HbDDK0MnGFGB8w==",
      "dev": true
    }
  }
}
